
Microsoft Visual Studio Solution File, Format Version 12.00
# Visual Studio Version 17
VisualStudioVersion = 17.11.35208.52
MinimumVisualStudioVersion = 10.0.40219.1
Project("{888888A0-9F3D-457C-B088-3A5042F75D52}") = "ventana", "ventana\ventana.pyproj", "{CA5F2B00-1056-45E0-89AB-D001EEF7AA42}"
EndProject
Global
	GlobalSection(SolutionConfigurationPlatforms) = preSolution
		Debug|Any CPU = Debug|Any CPU
		Release|Any CPU = Release|Any CPU
	EndGlobalSection
	GlobalSection(ProjectConfigurationPlatforms) = postSolution
		{CA5F2B00-1056-45E0-89AB-D001EEF7AA42}.Debug|Any CPU.ActiveCfg = Debug|Any CPU
		{CA5F2B00-1056-45E0-89AB-D001EEF7AA42}.Release|Any CPU.ActiveCfg = Release|Any CPU
	EndGlobalSection
	GlobalSection(SolutionProperties) = preSolution
		HideSolutionNode = FALSE
	EndGlobalSection
	GlobalSection(ExtensibilityGlobals) = postSolution
		SolutionGuid = {ED45CF72-BE21-4C9B-8109-736174F462BD}
	EndGlobalSection
EndGlobal
